<?xml version="1.0" encoding="utf-8"?>
<Project ToolsVersion="4.0" xmlns="http://schemas.microsoft.com/developer/msbuild/2003">
  <ItemGroup>
    <Filter Include="Source Files">
      <UniqueIdentifier>{4FC737F1-C7A5-4376-A066-2A32D752A2FF}</UniqueIdentifier>
      <Extensions>cpp;c;cc;cxx;def;odl;idl;hpj;bat;asm;asmx</Extensions>
    </Filter>
    <Filter Include="Header Files">
      <UniqueIdentifier>{93995380-89BD-4b04-88EB-625FBE52EBFB}</UniqueIdentifier>
      <Extensions>h;hh;hpp;hxx;hm;inl;inc;xsd</Extensions>
    </Filter>
    <Filter Include="Resource Files">
      <UniqueIdentifier>{67DA6AB6-F800-4c08-8B7A-83BB121AAD01}</UniqueIdentifier>
      <Extensions>rc;ico;cur;bmp;dlg;rc2;rct;bin;rgs;gif;jpg;jpeg;jpe;resx;tiff;tif;png;wav</Extensions>
    </Filter>
  </ItemGroup>
  <ItemGroup>
    <ClInclude Include="..\src\help-window.h">
      <Filter>Header Files</Filter>
    </ClInclude>
    <ClInclude Include="..\src\hex-spinner.h">
      <Filter>Header Files</Filter>
    </ClInclude>
    <ClInclude Include="..\src\main-window.h">
      <Filter>Header Files</Filter>
    </ClInclude>
    <ClInclude Include="..\src\modal-dialog.h">
      <Filter>Header Files</Filter>
    </ClInclude>
    <ClInclude Include="..\src\option-dialogs.h">
      <Filter>Header Files</Filter>
    </ClInclude>
    <ClInclude Include="..\src\preferences.h">
      <Filter>Header Files</Filter>
    </ClInclude>
    <ClInclude Include="..\src\resource.h">
      <Filter>Header Files</Filter>
    </ClInclude>
    <ClInclude Include="..\src\themes.h">
      <Filter>Header Files</Filter>
    </ClInclude>
    <ClInclude Include="..\src\utils.h">
      <Filter>Header Files</Filter>
    </ClInclude>
    <ClInclude Include="..\src\version.h">
      <Filter>Header Files</Filter>
    </ClInclude>
    <ClInclude Include="..\src\widgets.h">
      <Filter>Header Files</Filter>
    </ClInclude>
    <ClInclude Include="..\src\config.h">
      <Filter>Header Files</Filter>
    </ClInclude>
    <ClInclude Include="..\src\icons.h">
      <Filter>Header Files</Filter>
    </ClInclude>
    <ClInclude Include="..\src\tilemap.h">
      <Filter>Header Files</Filter>
    </ClInclude>
    <ClInclude Include="..\src\tile-buttons.h">
      <Filter>Header Files</Filter>
    </ClInclude>
    <ClInclude Include="..\src\tileset.h">
      <Filter>Header Files</Filter>
    </ClInclude>
    <ClInclude Include="..\src\image.h">
      <Filter>Header Files</Filter>
    </ClInclude>
    <ClInclude Include="..\src\tile.h">
      <Filter>Header Files</Filter>
    </ClInclude>
    <ClInclude Include="..\src\tilemap-format.h">
      <Filter>Header Files</Filter>
    </ClInclude>
    <ClInclude Include="..\src\tile-selection.h">
      <Filter>Header Files</Filter>
    </ClInclude>
    <ClInclude Include="..\src\palette-format.h">
      <Filter>Header Files</Filter>
    </ClInclude>
  </ItemGroup>
  <ItemGroup>
    <ClCompile Include="..\src\help-window.cpp">
      <Filter>Source Files</Filter>
    </ClCompile>
    <ClCompile Include="..\src\hex-spinner.cpp">
      <Filter>Source Files</Filter>
    </ClCompile>
    <ClCompile Include="..\src\main.cpp">
      <Filter>Source Files</Filter>
    </ClCompile>
    <ClCompile Include="..\src\main-window.cpp">
      <Filter>Source Files</Filter>
    </ClCompile>
    <ClCompile Include="..\src\modal-dialog.cpp">
      <Filter>Source Files</Filter>
    </ClCompile>
    <ClCompile Include="..\src\option-dialogs.cpp">
      <Filter>Source Files</Filter>
    </ClCompile>
    <ClCompile Include="..\src\preferences.cpp">
      <Filter>Source Files</Filter>
    </ClCompile>
    <ClCompile Include="..\src\themes.cpp">
      <Filter>Source Files</Filter>
    </ClCompile>
    <ClCompile Include="..\src\utils.cpp">
      <Filter>Source Files</Filter>
    </ClCompile>
    <ClCompile Include="..\src\widgets.cpp">
      <Filter>Source Files</Filter>
    </ClCompile>
    <ClCompile Include="..\src\config.cpp">
      <Filter>Source Files</Filter>
    </ClCompile>
    <ClCompile Include="..\src\tilemap.cpp">
      <Filter>Source Files</Filter>
    </ClCompile>
    <ClCompile Include="..\src\tile-buttons.cpp">
      <Filter>Source Files</Filter>
    </ClCompile>
    <ClCompile Include="..\src\tileset.cpp">
      <Filter>Source Files</Filter>
    </ClCompile>
    <ClCompile Include="..\src\image.cpp">
      <Filter>Source Files</Filter>
    </ClCompile>
    <ClCompile Include="..\src\tile.cpp">
      <Filter>Source Files</Filter>
    </ClCompile>
    <ClCompile Include="..\src\tilemap-format.cpp">
      <Filter>Source Files</Filter>
    </ClCompile>
    <ClCompile Include="..\src\image-to-tiles.cpp">
      <Filter>Source Files</Filter>
    </ClCompile>
    <ClCompile Include="..\src\tile-selection.cpp">
      <Filter>Source Files</Filter>
    </ClCompile>
    <ClCompile Include="..\src\palette-format.cpp">
      <Filter>Source Files</Filter>
    </ClCompile>
  </ItemGroup>
  <ItemGroup>
    <None Include="..\res\app.ico">
      <Filter>Resource Files</Filter>
    </None>
    <None Include="..\res\app-icon.xpm">
      <Filter>Resource Files</Filter>
    </None>
    <None Include="..\res\error.xpm">
      <Filter>Resource Files</Filter>
    </None>
    <None Include="..\res\help.html">
      <Filter>Resource Files</Filter>
    </None>
    <None Include="..\res\input.xpm">
      <Filter>Resource Files</Filter>
    </None>
    <None Include="..\res\load.xpm">
      <Filter>Resource Files</Filter>
    </None>
    <None Include="..\res\new.xpm">
      <Filter>Resource Files</Filter>
    </None>
    <None Include="..\res\open.xpm">
      <Filter>Resource Files</Filter>
    </None>
    <None Include="..\res\output.xpm">
      <Filter>Resource Files</Filter>
    </None>
    <None Include="..\res\print.xpm">
      <Filter>Resource Files</Filter>
    </None>
    <None Include="..\res\redo.xpm">
      <Filter>Resource Files</Filter>
    </None>
    <None Include="..\res\reload.xpm">
      <Filter>Resource Files</Filter>
    </None>
    <None Include="..\res\resize.xpm">
      <Filter>Resource Files</Filter>
    </None>
    <None Include="..\res\save.xpm">
      <Filter>Resource Files</Filter>
    </None>
    <None Include="..\res\success.xpm">
      <Filter>Resource Files</Filter>
    </None>
    <None Include="..\res\undo.xpm">
      <Filter>Resource Files</Filter>
    </None>
    <None Include="..\res\warning.xpm">
      <Filter>Resource Files</Filter>
    </None>
    <None Include="..\res\add.xpm">
      <Filter>Resource Files</Filter>
    </None>
    <None Include="..\res\grid.xpm">
      <Filter>Resource Files</Filter>
    </None>
    <None Include="..\res\rainbow.xpm">
      <Filter>Resource Files</Filter>
    </None>
    <None Include="..\res\x-flip.xpm">
      <Filter>Resource Files</Filter>
    </None>
    <None Include="..\res\y-flip.xpm">
      <Filter>Resource Files</Filter>
    </None>
    <None Include="..\res\reformat.xpm">
      <Filter>Resource Files</Filter>
    </None>
    <None Include="..\res\bold.xpm">
      <Filter>Resource Files</Filter>
    </None>
    <None Include="..\res\obp1.xpm">
      <Filter>Resource Files</Filter>
    </None>
    <None Include="..\res\priority.xpm">
      <Filter>Resource Files</Filter>
    </None>
    <None Include="..\res\blank.xpm">
      <Filter>Resource Files</Filter>
    </None>
    <None Include="..\res\zoom-in.xpm">
      <Filter>Resource Files</Filter>
    </None>
    <None Include="..\res\zoom-out.xpm">
      <Filter>Resource Files</Filter>
    </None>
    <None Include="..\res\grid-dark.xpm">
      <Filter>Resource Files</Filter>
    </None>
    <None Include="..\res\obp1-dark.xpm">
      <Filter>Resource Files</Filter>
    </None>
    <None Include="..\res\brushed-metal.dat">
      <Filter>Resource Files</Filter>
    </None>
    <None Include="..\res\shift.xpm">
      <Filter>Resource Files</Filter>
    </None>
    <None Include="..\res\tileset-width.xpm">
      <Filter>Resource Files</Filter>
    </None>
  </ItemGroup>
  <ItemGroup>
    <ResourceCompile Include="tilemap-studio.rc">
      <Filter>Resource Files</Filter>
    </ResourceCompile>
  </ItemGroup>
</Project>